// !$*UTF8*$!
{
	archiveVersion = 1;
	classes = {
	};
	objectVersion = 46;
	objects = {

/* Begin PBXBuildFile section */
		E9711BE21C94DEBE004776FA /* AppDelegate.swift in Sources */ = {isa = PBXBuildFile; fileRef = E9711BE11C94DEBE004776FA /* AppDelegate.swift */; };
		E9711BE41C94DEBE004776FA /* LampViewController.swift in Sources */ = {isa = PBXBuildFile; fileRef = E9711BE31C94DEBE004776FA /* LampViewController.swift */; };
		E9711BE61C94DEBE004776FA /* MusicViewController.swift in Sources */ = {isa = PBXBuildFile; fileRef = E9711BE51C94DEBE004776FA /* MusicViewController.swift */; };
		E9711BE91C94DEBE004776FA /* Main.storyboard in Resources */ = {isa = PBXBuildFile; fileRef = E9711BE71C94DEBE004776FA /* Main.storyboard */; };
		E9711BEB1C94DEBE004776FA /* Assets.xcassets in Resources */ = {isa = PBXBuildFile; fileRef = E9711BEA1C94DEBE004776FA /* Assets.xcassets */; };
		E9711BEE1C94DEBE004776FA /* LaunchScreen.storyboard in Resources */ = {isa = PBXBuildFile; fileRef = E9711BEC1C94DEBE004776FA /* LaunchScreen.storyboard */; };
		E9711BF81C95000C004776FA /* TVViewController.swift in Sources */ = {isa = PBXBuildFile; fileRef = E9711BF71C95000C004776FA /* TVViewController.swift */; };
/* End PBXBuildFile section */

/* Begin PBXFileReference section */
		E9711BDE1C94DEBE004776FA /* home-automation-controller.app */ = {isa = PBXFileReference; explicitFileType = wrapper.application; includeInIndex = 0; path = "home-automation-controller.app"; sourceTree = BUILT_PRODUCTS_DIR; };
		E9711BE11C94DEBE004776FA /* AppDelegate.swift */ = {isa = PBXFileReference; lastKnownFileType = sourcecode.swift; path = AppDelegate.swift; sourceTree = "<group>"; };
		E9711BE31C94DEBE004776FA /* LampViewController.swift */ = {isa = PBXFileReference; lastKnownFileType = sourcecode.swift; path = LampViewController.swift; sourceTree = "<group>"; };
		E9711BE51C94DEBE004776FA /* MusicViewController.swift */ = {isa = PBXFileReference; lastKnownFileType = sourcecode.swift; path = MusicViewController.swift; sourceTree = "<group>"; };
		E9711BE81C94DEBE004776FA /* Base */ = {isa = PBXFileReference; lastKnownFileType = file.storyboard; name = Base; path = Base.lproj/Main.storyboard; sourceTree = "<group>"; };
		E9711BEA1C94DEBE004776FA /* Assets.xcassets */ = {isa = PBXFileReference; lastKnownFileType = folder.assetcatalog; path = Assets.xcassets; sourceTree = "<group>"; };
		E9711BED1C94DEBE004776FA /* Base */ = {isa = PBXFileReference; lastKnownFileType = file.storyboard; name = Base; path = Base.lproj/LaunchScreen.storyboard; sourceTree = "<group>"; };
		E9711BEF1C94DEBE004776FA /* Info.plist */ = {isa = PBXFileReference; lastKnownFileType = text.plist.xml; path = Info.plist; sourceTree = "<group>"; };
		E9711BF71C95000C004776FA /* TVViewController.swift */ = {isa = PBXFileReference; fileEncoding = 4; lastKnownFileType = sourcecode.swift; path = TVViewController.swift; sourceTree = "<group>"; };
/* End PBXFileReference section */

/* Begin PBXFrameworksBuildPhase section */
		E9711BDB1C94DEBE004776FA /* Frameworks */ = {
			isa = PBXFrameworksBuildPhase;
			buildActionMask = 2147483647;
			files = (
			);
			runOnlyForDeploymentPostprocessing = 0;
		};
/* End PBXFrameworksBuildPhase section */

/* Begin PBXGroup section */
		E9711BD51C94DEBE004776FA = {
			isa = PBXGroup;
			children = (
				E9711BE01C94DEBE004776FA /* home-automation-controller */,
				E9711BDF1C94DEBE004776FA /* Products */,
			);
			sourceTree = "<group>";
		};
		E9711BDF1C94DEBE004776FA /* Products */ = {
			isa = PBXGroup;
			children = (
				E9711BDE1C94DEBE004776FA /* home-automation-controller.app */,
			);
			name = Products;
			sourceTree = "<group>";
		};
		E9711BE01C94DEBE004776FA /* home-automation-controller */ = {
			isa = PBXGroup;
			children = (
				E9711BE11C94DEBE004776FA /* AppDelegate.swift */,
				E9711BE31C94DEBE004776FA /* LampViewController.swift */,
				E9711BE51C94DEBE004776FA /* MusicViewController.swift */,
				E9711BF71C95000C004776FA /* TVViewController.swift */,
				E9711BE71C94DEBE004776FA /* Main.storyboard */,
				E9711BEA1C94DEBE004776FA /* Assets.xcassets */,
				E9711BEC1C94DEBE004776FA /* LaunchScreen.storyboard */,
				E9711BEF1C94DEBE004776FA /* Info.plist */,
			);
			path = "home-automation-controller";
			sourceTree = "<group>";
		};
/* End PBXGroup section */

/* Begin PBXNativeTarget section */
		E9711BDD1C94DEBE004776FA /* home-automation-controller */ = {
			isa = PBXNativeTarget;
			buildConfigurationList = E9711BF21C94DEBE004776FA /* Build configuration list for PBXNativeTarget "home-automation-controller" */;
			buildPhases = (
				E7598224AEA6928942E9E32D /* Check Pods Manifest.lock */,
				E9711BDA1C94DEBE004776FA /* Sources */,
				E9711BDB1C94DEBE004776FA /* Frameworks */,
				E9711BDC1C94DEBE004776FA /* Resources */,
				0D75A8A0BF0798AA56F2227D /* Embed Pods Frameworks */,
				884316CB6F23D5EC838F63F3 /* Copy Pods Resources */,
			);
			buildRules = (
			);
			dependencies = (
			);
			name = "home-automation-controller";
			productName = "home-automation-controller";
			productReference = E9711BDE1C94DEBE004776FA /* home-automation-controller.app */;
			productType = "com.apple.product-type.application";
		};
/* End PBXNativeTarget section */

/* Begin PBXProject section */
		E9711BD61C94DEBE004776FA /* Project object */ = {
			isa = PBXProject;
			attributes = {
				LastSwiftUpdateCheck = 0720;
				LastUpgradeCheck = 0720;
				ORGANIZATIONNAME = "Patrik Ackland";
				TargetAttributes = {
					E9711BDD1C94DEBE004776FA = {
						CreatedOnToolsVersion = 7.2.1;
						DevelopmentTeam = 7ZKJJQ34UB;
					};
				};
			};
			buildConfigurationList = E9711BD91C94DEBE004776FA /* Build configuration list for PBXProject "home-automation-controller" */;
			compatibilityVersion = "Xcode 3.2";
			developmentRegion = English;
			hasScannedForEncodings = 0;
			knownRegions = (
				en,
				Base,
			);
			mainGroup = E9711BD51C94DEBE004776FA;
			productRefGroup = E9711BDF1C94DEBE004776FA /* Products */;
			projectDirPath = "";
			projectRoot = "";
			targets = (
				E9711BDD1C94DEBE004776FA /* home-automation-controller */,
			);
		};
/* End PBXProject section */

/* Begin PBXResourcesBuildPhase section */
		E9711BDC1C94DEBE004776FA /* Resources */ = {
			isa = PBXResourcesBuildPhase;
			buildActionMask = 2147483647;
			files = (
				E9711BEE1C94DEBE004776FA /* LaunchScreen.storyboard in Resources */,
				E9711BEB1C94DEBE004776FA /* Assets.xcassets in Resources */,
				E9711BE91C94DEBE004776FA /* Main.storyboard in Resources */,
			);
			runOnlyForDeploymentPostprocessing = 0;
		};
/* End PBXResourcesBuildPhase section */

/* Begin PBXShellScriptBuildPhase section */
		0D75A8A0BF0798AA56F2227D /* Embed Pods Frameworks */ = {
			isa = PBXShellScriptBuildPhase;
			buildActionMask = 2147483647;
			files = (
			);
			inputPaths = (
			);
			name = "Embed Pods Frameworks";
			outputPaths = (
			);
			runOnlyForDeploymentPostprocessing = 0;
			shellPath = /bin/sh;
			shellScript = "\"${SRCROOT}/Pods/Target Support Files/Pods/Pods-frameworks.sh\"\n";
			showEnvVarsInLog = 0;
		};
		884316CB6F23D5EC838F63F3 /* Copy Pods Resources */ = {
			isa = PBXShellScriptBuildPhase;
			buildActionMask = 2147483647;
			files = (
			);
			inputPaths = (
			);
			name = "Copy Pods Resources";
			outputPaths = (
			);
			runOnlyForDeploymentPostprocessing = 0;
			shellPath = /bin/sh;
			shellScript = "\"${SRCROOT}/Pods/Target Support Files/Pods/Pods-resources.sh\"\n";
			showEnvVarsInLog = 0;
		};
		E7598224AEA6928942E9E32D /* Check Pods Manifest.lock */ = {
			isa = PBXShellScriptBuildPhase;
			buildActionMask = 2147483647;
			files = (
			);
			inputPaths = (
			);
			name = "Check Pods Manifest.lock";
			outputPaths = (
			);
			runOnlyForDeploymentPostprocessing = 0;
			shellPath = /bin/sh;
			shellScript = "diff \"${PODS_ROOT}/../Podfile.lock\" \"${PODS_ROOT}/Manifest.lock\" > /dev/null\nif [[ $? != 0 ]] ; then\n    cat << EOM\nerror: The sandbox is not in sync with the Podfile.lock. Run 'pod install' or update your CocoaPods installation.\nEOM\n    exit 1\nfi\n";
			showEnvVarsInLog = 0;
		};
/* End PBXShellScriptBuildPhase section */

/* Begin PBXSourcesBuildPhase section */
		E9711BDA1C94DEBE004776FA /* Sources */ = {
			isa = PBXSourcesBuildPhase;
			buildActionMask = 2147483647;
			files = (
				E9711BE61C94DEBE004776FA /* MusicViewController.swift in Sources */,
				E9711BE21C94DEBE004776FA /* AppDelegate.swift in Sources */,
				E9711BF81C95000C004776FA /* TVViewController.swift in Sources */,
				E9711BE41C94DEBE004776FA /* LampViewController.swift in Sources */,
			);
			runOnlyForDeploymentPostprocessing = 0;
		};
/* End PBXSourcesBuildPhase section */

/* Begin PBXVariantGroup section */
		E9711BE71C94DEBE004776FA /* Main.storyboard */ = {
			isa = PBXVariantGroup;
			children = (
				E9711BE81C94DEBE004776FA /* Base */,
			);
			name = Main.storyboard;
			sourceTree = "<group>";
		};
		E9711BEC1C94DEBE004776FA /* LaunchScreen.storyboard */ = {
			isa = PBXVariantGroup;
			children = (
				E9711BED1C94DEBE004776FA /* Base */,
			);
			name = LaunchScreen.storyboard;
			sourceTree = "<group>";
		};
/* End PBXVariantGroup section */

/* Begin XCBuildConfiguration section */
		E9711BF01C94DEBE004776FA /* Debug */ = {
			isa = XCBuildConfiguration;
			buildSettings = {
				ALWAYS_SEARCH_USER_PATHS = NO;
				CLANG_CXX_LANGUAGE_STANDARD = "gnu++0x";
				CLANG_CXX_LIBRARY = "libc++";
				CLANG_ENABLE_MODULES = YES;
				CLANG_ENABLE_OBJC_ARC = YES;
				CLANG_WARN_BOOL_CONVERSION = YES;
				CLANG_WARN_CONSTANT_CONVERSION = YES;
				CLANG_WARN_DIRECT_OBJC_ISA_USAGE = YES_ERROR;
				CLANG_WARN_EMPTY_BODY = YES;
				CLANG_WARN_ENUM_CONVERSION = YES;
				CLANG_WARN_INT_CONVERSION = YES;
				CLANG_WARN_OBJC_ROOT_CLASS = YES_ERROR;
				CLANG_WARN_UNREACHABLE_CODE = YES;
				CLANG_WARN__DUPLICATE_METHOD_MATCH = YES;
				"CODE_SIGN_IDENTITY[sdk=iphoneos*]" = "iPhone Developer";
				COPY_PHASE_STRIP = NO;
				DEBUG_INFORMATION_FORMAT = dwarf;
				ENABLE_STRICT_OBJC_MSGSEND = YES;
				ENABLE_TESTABILITY = YES;
				GCC_C_LANGUAGE_STANDARD = gnu99;
				GCC_DYNAMIC_NO_PIC = NO;
				GCC_NO_COMMON_BLOCKS = YES;
				GCC_OPTIMIZATION_LEVEL = 0;
				GCC_PREPROCESSOR_DEFINITIONS = (
					"DEBUG=1",
					"$(inherited)",
				);
				GCC_WARN_64_TO_32_BIT_CONVERSION = YES;
				GCC_WARN_ABOUT_RETURN_TYPE = YES_ERROR;
				GCC_WARN_UNDECLARED_SELECTOR = YES;
				GCC_WARN_UNINITIALIZED_AUTOS = YES_AGGRESSIVE;
				GCC_WARN_UNUSED_FUNCTION = YES;
				GCC_WARN_UNUSED_VARIABLE = YES;
				IPHONEOS_DEPLOYMENT_TARGET = 9.2;
				MTL_ENABLE_DEBUG_INFO = YES;
				ONLY_ACTIVE_ARCH = YES;
				SDKROOT = iphoneos;
				SWIFT_OPTIMIZATION_LEVEL = "-Onone";
			};
			name = Debug;
		};
		E9711BF11C94DEBE004776FA /* Release */ = {
			isa = XCBuildConfiguration;
			buildSettings = {
				ALWAYS_SEARCH_USER_PATHS = NO;
				CLANG_CXX_LANGUAGE_STANDARD = "gnu++0x";
				CLANG_CXX_LIBRARY = "libc++";
				CLANG_ENABLE_MODULES = YES;
				CLANG_ENABLE_OBJC_ARC = YES;
				CLANG_WARN_BOOL_CONVERSION = YES;
				CLANG_WARN_CONSTANT_CONVERSION = YES;
				CLANG_WARN_DIRECT_OBJC_ISA_USAGE = YES_ERROR;
				CLANG_WARN_EMPTY_BODY = YES;
				CLANG_WARN_ENUM_CONVERSION = YES;
				CLANG_WARN_INT_CONVERSION = YES;
				CLANG_WARN_OBJC_ROOT_CLASS = YES_ERROR;
				CLANG_WARN_UNREACHABLE_CODE = YES;
				CLANG_WARN__DUPLICATE_METHOD_MATCH = YES;
				"CODE_SIGN_IDENTITY[sdk=iphoneos*]" = "iPhone Developer";
				COPY_PHASE_STRIP = NO;
				DEBUG_INFORMATION_FORMAT = "dwarf-with-dsym";
				ENABLE_NS_ASSERTIONS = NO;
				ENABLE_STRICT_OBJC_MSGSEND = YES;
				GCC_C_LANGUAGE_STANDARD = gnu99;
				GCC_NO_COMMON_BLOCKS = YES;
				GCC_WARN_64_TO_32_BIT_CONVERSION = YES;
				GCC_WARN_ABOUT_RETURN_TYPE = YES_ERROR;
				GCC_WARN_UNDECLARED_SELECTOR = YES;
				GCC_WARN_UNINITIALIZED_AUTOS = YES_AGGRESSIVE;
				GCC_WARN_UNUSED_FUNCTION = YES;
				GCC_WARN_UNUSED_VARIABLE = YES;
				IPHONEOS_DEPLOYMENT_TARGET = 9.2;
				MTL_ENABLE_DEBUG_INFO = NO;
				SDKROOT = iphoneos;
				VALIDATE_PRODUCT = YES;
			};
			name = Release;
		};
		E9711BF31C94DEBE004776FA /* Debug */ = {
			isa = XCBuildConfiguration;
			buildSettings = {
				ASSETCATALOG_COMPILER_APPICON_NAME = AppIcon;
				INFOPLIST_FILE = "home-automation-controller/Info.plist";
				LD_RUNPATH_SEARCH_PATHS = "$(inherited) @executable_path/Frameworks";
				PRODUCT_BUNDLE_IDENTIFIER = "se.ackland.patrik.home-automation-controller";
				PRODUCT_NAME = "$(TARGET_NAME)";
			};
			name = Debug;
		};
		E9711BF41C94DEBE004776FA /* Release */ = {
			isa = XCBuildConfiguration;
			buildSettings = {
				ASSETCATALOG_COMPILER_APPICON_NAME = AppIcon;
				INFOPLIST_FILE = "home-automation-controller/Info.plist";
				LD_RUNPATH_SEARCH_PATHS = "$(inherited) @executable_path/Frameworks";
				PRODUCT_BUNDLE_IDENTIFIER = "se.ackland.patrik.home-automation-controller";
				PRODUCT_NAME = "$(TARGET_NAME)";
			};
			name = Release;
		};
/* End XCBuildConfiguration section */

/* Begin XCConfigurationList section */
		E9711BD91C94DEBE004776FA /* Build configuration list for PBXProject "home-automation-controller" */ = {
			isa = XCConfigurationList;
			buildConfigurations = (
				E9711BF01C94DEBE004776FA /* Debug */,
				E9711BF11C94DEBE004776FA /* Release */,
			);
			defaultConfigurationIsVisible = 0;
			defaultConfigurationName = Release;
		};
		E9711BF21C94DEBE004776FA /* Build configuration list for PBXNativeTarget "home-automation-controller" */ = {
			isa = XCConfigurationList;
			buildConfigurations = (
				E9711BF31C94DEBE004776FA /* Debug */,
				E9711BF41C94DEBE004776FA /* Release */,
			);
			defaultConfigurationIsVisible = 0;
			defaultConfigurationName = Release;
		};
/* End XCConfigurationList section */
	};
	rootObject = E9711BD61C94DEBE004776FA /* Project object */;
}
