// !$*UTF8*$!
{
	archiveVersion = 1;
	classes = {
	};
	objectVersion = 46;
	objects = {

/* Begin PBXBuildFile section */
		E95201C81C649EB100B2F65E /* AppDelegate.swift in Sources */ = {isa = PBXBuildFile; fileRef = E95201C71C649EB100B2F65E /* AppDelegate.swift */; };
		E95201CA1C649EB100B2F65E /* ViewController.swift in Sources */ = {isa = PBXBuildFile; fileRef = E95201C91C649EB100B2F65E /* ViewController.swift */; };
		E95201CD1C649EB100B2F65E /* Main.storyboard in Resources */ = {isa = PBXBuildFile; fileRef = E95201CB1C649EB100B2F65E /* Main.storyboard */; };
		E95201CF1C649EB100B2F65E /* Assets.xcassets in Resources */ = {isa = PBXBuildFile; fileRef = E95201CE1C649EB100B2F65E /* Assets.xcassets */; };
		E95201D21C649EB100B2F65E /* LaunchScreen.storyboard in Resources */ = {isa = PBXBuildFile; fileRef = E95201D01C649EB100B2F65E /* LaunchScreen.storyboard */; };
		E95201DD1C649EB100B2F65E /* Home_Automation_LampTests.swift in Sources */ = {isa = PBXBuildFile; fileRef = E95201DC1C649EB100B2F65E /* Home_Automation_LampTests.swift */; };
		E95201E81C649EB100B2F65E /* Home_Automation_LampUITests.swift in Sources */ = {isa = PBXBuildFile; fileRef = E95201E71C649EB100B2F65E /* Home_Automation_LampUITests.swift */; };
/* End PBXBuildFile section */

/* Begin PBXContainerItemProxy section */
		E95201D91C649EB100B2F65E /* PBXContainerItemProxy */ = {
			isa = PBXContainerItemProxy;
			containerPortal = E95201BC1C649EB100B2F65E /* Project object */;
			proxyType = 1;
			remoteGlobalIDString = E95201C31C649EB100B2F65E;
			remoteInfo = "Home Automation Lamp";
		};
		E95201E41C649EB100B2F65E /* PBXContainerItemProxy */ = {
			isa = PBXContainerItemProxy;
			containerPortal = E95201BC1C649EB100B2F65E /* Project object */;
			proxyType = 1;
			remoteGlobalIDString = E95201C31C649EB100B2F65E;
			remoteInfo = "Home Automation Lamp";
		};
/* End PBXContainerItemProxy section */

/* Begin PBXFileReference section */
		E95201C41C649EB100B2F65E /* Home Automation Lamp.app */ = {isa = PBXFileReference; explicitFileType = wrapper.application; includeInIndex = 0; path = "Home Automation Lamp.app"; sourceTree = BUILT_PRODUCTS_DIR; };
		E95201C71C649EB100B2F65E /* AppDelegate.swift */ = {isa = PBXFileReference; lastKnownFileType = sourcecode.swift; path = AppDelegate.swift; sourceTree = "<group>"; };
		E95201C91C649EB100B2F65E /* ViewController.swift */ = {isa = PBXFileReference; lastKnownFileType = sourcecode.swift; path = ViewController.swift; sourceTree = "<group>"; };
		E95201CC1C649EB100B2F65E /* Base */ = {isa = PBXFileReference; lastKnownFileType = file.storyboard; name = Base; path = Base.lproj/Main.storyboard; sourceTree = "<group>"; };
		E95201CE1C649EB100B2F65E /* Assets.xcassets */ = {isa = PBXFileReference; lastKnownFileType = folder.assetcatalog; path = Assets.xcassets; sourceTree = "<group>"; };
		E95201D11C649EB100B2F65E /* Base */ = {isa = PBXFileReference; lastKnownFileType = file.storyboard; name = Base; path = Base.lproj/LaunchScreen.storyboard; sourceTree = "<group>"; };
		E95201D31C649EB100B2F65E /* Info.plist */ = {isa = PBXFileReference; lastKnownFileType = text.plist.xml; path = Info.plist; sourceTree = "<group>"; };
		E95201D81C649EB100B2F65E /* Home Automation LampTests.xctest */ = {isa = PBXFileReference; explicitFileType = wrapper.cfbundle; includeInIndex = 0; path = "Home Automation LampTests.xctest"; sourceTree = BUILT_PRODUCTS_DIR; };
		E95201DC1C649EB100B2F65E /* Home_Automation_LampTests.swift */ = {isa = PBXFileReference; lastKnownFileType = sourcecode.swift; path = Home_Automation_LampTests.swift; sourceTree = "<group>"; };
		E95201DE1C649EB100B2F65E /* Info.plist */ = {isa = PBXFileReference; lastKnownFileType = text.plist.xml; path = Info.plist; sourceTree = "<group>"; };
		E95201E31C649EB100B2F65E /* Home Automation LampUITests.xctest */ = {isa = PBXFileReference; explicitFileType = wrapper.cfbundle; includeInIndex = 0; path = "Home Automation LampUITests.xctest"; sourceTree = BUILT_PRODUCTS_DIR; };
		E95201E71C649EB100B2F65E /* Home_Automation_LampUITests.swift */ = {isa = PBXFileReference; lastKnownFileType = sourcecode.swift; path = Home_Automation_LampUITests.swift; sourceTree = "<group>"; };
		E95201E91C649EB100B2F65E /* Info.plist */ = {isa = PBXFileReference; lastKnownFileType = text.plist.xml; path = Info.plist; sourceTree = "<group>"; };
/* End PBXFileReference section */

/* Begin PBXFrameworksBuildPhase section */
		E95201C11C649EB100B2F65E /* Frameworks */ = {
			isa = PBXFrameworksBuildPhase;
			buildActionMask = 2147483647;
			files = (
			);
			runOnlyForDeploymentPostprocessing = 0;
		};
		E95201D51C649EB100B2F65E /* Frameworks */ = {
			isa = PBXFrameworksBuildPhase;
			buildActionMask = 2147483647;
			files = (
			);
			runOnlyForDeploymentPostprocessing = 0;
		};
		E95201E01C649EB100B2F65E /* Frameworks */ = {
			isa = PBXFrameworksBuildPhase;
			buildActionMask = 2147483647;
			files = (
			);
			runOnlyForDeploymentPostprocessing = 0;
		};
/* End PBXFrameworksBuildPhase section */

/* Begin PBXGroup section */
		E95201BB1C649EB100B2F65E = {
			isa = PBXGroup;
			children = (
				E95201C61C649EB100B2F65E /* Home Automation Lamp */,
				E95201DB1C649EB100B2F65E /* Home Automation LampTests */,
				E95201E61C649EB100B2F65E /* Home Automation LampUITests */,
				E95201C51C649EB100B2F65E /* Products */,
			);
			sourceTree = "<group>";
		};
		E95201C51C649EB100B2F65E /* Products */ = {
			isa = PBXGroup;
			children = (
				E95201C41C649EB100B2F65E /* Home Automation Lamp.app */,
				E95201D81C649EB100B2F65E /* Home Automation LampTests.xctest */,
				E95201E31C649EB100B2F65E /* Home Automation LampUITests.xctest */,
			);
			name = Products;
			sourceTree = "<group>";
		};
		E95201C61C649EB100B2F65E /* Home Automation Lamp */ = {
			isa = PBXGroup;
			children = (
				E95201C71C649EB100B2F65E /* AppDelegate.swift */,
				E95201C91C649EB100B2F65E /* ViewController.swift */,
				E95201CB1C649EB100B2F65E /* Main.storyboard */,
				E95201CE1C649EB100B2F65E /* Assets.xcassets */,
				E95201D01C649EB100B2F65E /* LaunchScreen.storyboard */,
				E95201D31C649EB100B2F65E /* Info.plist */,
			);
			path = "Home Automation Lamp";
			sourceTree = "<group>";
		};
		E95201DB1C649EB100B2F65E /* Home Automation LampTests */ = {
			isa = PBXGroup;
			children = (
				E95201DC1C649EB100B2F65E /* Home_Automation_LampTests.swift */,
				E95201DE1C649EB100B2F65E /* Info.plist */,
			);
			path = "Home Automation LampTests";
			sourceTree = "<group>";
		};
		E95201E61C649EB100B2F65E /* Home Automation LampUITests */ = {
			isa = PBXGroup;
			children = (
				E95201E71C649EB100B2F65E /* Home_Automation_LampUITests.swift */,
				E95201E91C649EB100B2F65E /* Info.plist */,
			);
			path = "Home Automation LampUITests";
			sourceTree = "<group>";
		};
/* End PBXGroup section */

/* Begin PBXNativeTarget section */
		E95201C31C649EB100B2F65E /* Home Automation Lamp */ = {
			isa = PBXNativeTarget;
			buildConfigurationList = E95201EC1C649EB100B2F65E /* Build configuration list for PBXNativeTarget "Home Automation Lamp" */;
			buildPhases = (
				E95201C01C649EB100B2F65E /* Sources */,
				E95201C11C649EB100B2F65E /* Frameworks */,
				E95201C21C649EB100B2F65E /* Resources */,
			);
			buildRules = (
			);
			dependencies = (
			);
			name = "Home Automation Lamp";
			productName = "Home Automation Lamp";
			productReference = E95201C41C649EB100B2F65E /* Home Automation Lamp.app */;
			productType = "com.apple.product-type.application";
		};
		E95201D71C649EB100B2F65E /* Home Automation LampTests */ = {
			isa = PBXNativeTarget;
			buildConfigurationList = E95201EF1C649EB100B2F65E /* Build configuration list for PBXNativeTarget "Home Automation LampTests" */;
			buildPhases = (
				E95201D41C649EB100B2F65E /* Sources */,
				E95201D51C649EB100B2F65E /* Frameworks */,
				E95201D61C649EB100B2F65E /* Resources */,
			);
			buildRules = (
			);
			dependencies = (
				E95201DA1C649EB100B2F65E /* PBXTargetDependency */,
			);
			name = "Home Automation LampTests";
			productName = "Home Automation LampTests";
			productReference = E95201D81C649EB100B2F65E /* Home Automation LampTests.xctest */;
			productType = "com.apple.product-type.bundle.unit-test";
		};
		E95201E21C649EB100B2F65E /* Home Automation LampUITests */ = {
			isa = PBXNativeTarget;
			buildConfigurationList = E95201F21C649EB100B2F65E /* Build configuration list for PBXNativeTarget "Home Automation LampUITests" */;
			buildPhases = (
				E95201DF1C649EB100B2F65E /* Sources */,
				E95201E01C649EB100B2F65E /* Frameworks */,
				E95201E11C649EB100B2F65E /* Resources */,
			);
			buildRules = (
			);
			dependencies = (
				E95201E51C649EB100B2F65E /* PBXTargetDependency */,
			);
			name = "Home Automation LampUITests";
			productName = "Home Automation LampUITests";
			productReference = E95201E31C649EB100B2F65E /* Home Automation LampUITests.xctest */;
			productType = "com.apple.product-type.bundle.ui-testing";
		};
/* End PBXNativeTarget section */

/* Begin PBXProject section */
		E95201BC1C649EB100B2F65E /* Project object */ = {
			isa = PBXProject;
			attributes = {
				LastSwiftUpdateCheck = 0720;
				LastUpgradeCheck = 0720;
				ORGANIZATIONNAME = "Patrik Ackland";
				TargetAttributes = {
					E95201C31C649EB100B2F65E = {
						CreatedOnToolsVersion = 7.2.1;
						DevelopmentTeam = 7ZKJJQ34UB;
					};
					E95201D71C649EB100B2F65E = {
						CreatedOnToolsVersion = 7.2.1;
						TestTargetID = E95201C31C649EB100B2F65E;
					};
					E95201E21C649EB100B2F65E = {
						CreatedOnToolsVersion = 7.2.1;
						TestTargetID = E95201C31C649EB100B2F65E;
					};
				};
			};
			buildConfigurationList = E95201BF1C649EB100B2F65E /* Build configuration list for PBXProject "Home Automation Lamp" */;
			compatibilityVersion = "Xcode 3.2";
			developmentRegion = English;
			hasScannedForEncodings = 0;
			knownRegions = (
				en,
				Base,
			);
			mainGroup = E95201BB1C649EB100B2F65E;
			productRefGroup = E95201C51C649EB100B2F65E /* Products */;
			projectDirPath = "";
			projectRoot = "";
			targets = (
				E95201C31C649EB100B2F65E /* Home Automation Lamp */,
				E95201D71C649EB100B2F65E /* Home Automation LampTests */,
				E95201E21C649EB100B2F65E /* Home Automation LampUITests */,
			);
		};
/* End PBXProject section */

/* Begin PBXResourcesBuildPhase section */
		E95201C21C649EB100B2F65E /* Resources */ = {
			isa = PBXResourcesBuildPhase;
			buildActionMask = 2147483647;
			files = (
				E95201D21C649EB100B2F65E /* LaunchScreen.storyboard in Resources */,
				E95201CF1C649EB100B2F65E /* Assets.xcassets in Resources */,
				E95201CD1C649EB100B2F65E /* Main.storyboard in Resources */,
			);
			runOnlyForDeploymentPostprocessing = 0;
		};
		E95201D61C649EB100B2F65E /* Resources */ = {
			isa = PBXResourcesBuildPhase;
			buildActionMask = 2147483647;
			files = (
			);
			runOnlyForDeploymentPostprocessing = 0;
		};
		E95201E11C649EB100B2F65E /* Resources */ = {
			isa = PBXResourcesBuildPhase;
			buildActionMask = 2147483647;
			files = (
			);
			runOnlyForDeploymentPostprocessing = 0;
		};
/* End PBXResourcesBuildPhase section */

/* Begin PBXSourcesBuildPhase section */
		E95201C01C649EB100B2F65E /* Sources */ = {
			isa = PBXSourcesBuildPhase;
			buildActionMask = 2147483647;
			files = (
				E95201CA1C649EB100B2F65E /* ViewController.swift in Sources */,
				E95201C81C649EB100B2F65E /* AppDelegate.swift in Sources */,
			);
			runOnlyForDeploymentPostprocessing = 0;
		};
		E95201D41C649EB100B2F65E /* Sources */ = {
			isa = PBXSourcesBuildPhase;
			buildActionMask = 2147483647;
			files = (
				E95201DD1C649EB100B2F65E /* Home_Automation_LampTests.swift in Sources */,
			);
			runOnlyForDeploymentPostprocessing = 0;
		};
		E95201DF1C649EB100B2F65E /* Sources */ = {
			isa = PBXSourcesBuildPhase;
			buildActionMask = 2147483647;
			files = (
				E95201E81C649EB100B2F65E /* Home_Automation_LampUITests.swift in Sources */,
			);
			runOnlyForDeploymentPostprocessing = 0;
		};
/* End PBXSourcesBuildPhase section */

/* Begin PBXTargetDependency section */
		E95201DA1C649EB100B2F65E /* PBXTargetDependency */ = {
			isa = PBXTargetDependency;
			target = E95201C31C649EB100B2F65E /* Home Automation Lamp */;
			targetProxy = E95201D91C649EB100B2F65E /* PBXContainerItemProxy */;
		};
		E95201E51C649EB100B2F65E /* PBXTargetDependency */ = {
			isa = PBXTargetDependency;
			target = E95201C31C649EB100B2F65E /* Home Automation Lamp */;
			targetProxy = E95201E41C649EB100B2F65E /* PBXContainerItemProxy */;
		};
/* End PBXTargetDependency section */

/* Begin PBXVariantGroup section */
		E95201CB1C649EB100B2F65E /* Main.storyboard */ = {
			isa = PBXVariantGroup;
			children = (
				E95201CC1C649EB100B2F65E /* Base */,
			);
			name = Main.storyboard;
			sourceTree = "<group>";
		};
		E95201D01C649EB100B2F65E /* LaunchScreen.storyboard */ = {
			isa = PBXVariantGroup;
			children = (
				E95201D11C649EB100B2F65E /* Base */,
			);
			name = LaunchScreen.storyboard;
			sourceTree = "<group>";
		};
/* End PBXVariantGroup section */

/* Begin XCBuildConfiguration section */
		E95201EA1C649EB100B2F65E /* Debug */ = {
			isa = XCBuildConfiguration;
			buildSettings = {
				ALWAYS_SEARCH_USER_PATHS = NO;
				CLANG_CXX_LANGUAGE_STANDARD = "gnu++0x";
				CLANG_CXX_LIBRARY = "libc++";
				CLANG_ENABLE_MODULES = YES;
				CLANG_ENABLE_OBJC_ARC = YES;
				CLANG_WARN_BOOL_CONVERSION = YES;
				CLANG_WARN_CONSTANT_CONVERSION = YES;
				CLANG_WARN_DIRECT_OBJC_ISA_USAGE = YES_ERROR;
				CLANG_WARN_EMPTY_BODY = YES;
				CLANG_WARN_ENUM_CONVERSION = YES;
				CLANG_WARN_INT_CONVERSION = YES;
				CLANG_WARN_OBJC_ROOT_CLASS = YES_ERROR;
				CLANG_WARN_UNREACHABLE_CODE = YES;
				CLANG_WARN__DUPLICATE_METHOD_MATCH = YES;
				"CODE_SIGN_IDENTITY[sdk=iphoneos*]" = "iPhone Developer";
				COPY_PHASE_STRIP = NO;
				DEBUG_INFORMATION_FORMAT = dwarf;
				ENABLE_STRICT_OBJC_MSGSEND = YES;
				ENABLE_TESTABILITY = YES;
				GCC_C_LANGUAGE_STANDARD = gnu99;
				GCC_DYNAMIC_NO_PIC = NO;
				GCC_NO_COMMON_BLOCKS = YES;
				GCC_OPTIMIZATION_LEVEL = 0;
				GCC_PREPROCESSOR_DEFINITIONS = (
					"DEBUG=1",
					"$(inherited)",
				);
				GCC_WARN_64_TO_32_BIT_CONVERSION = YES;
				GCC_WARN_ABOUT_RETURN_TYPE = YES_ERROR;
				GCC_WARN_UNDECLARED_SELECTOR = YES;
				GCC_WARN_UNINITIALIZED_AUTOS = YES_AGGRESSIVE;
				GCC_WARN_UNUSED_FUNCTION = YES;
				GCC_WARN_UNUSED_VARIABLE = YES;
				IPHONEOS_DEPLOYMENT_TARGET = 9.2;
				MTL_ENABLE_DEBUG_INFO = YES;
				ONLY_ACTIVE_ARCH = YES;
				SDKROOT = iphoneos;
				SWIFT_OPTIMIZATION_LEVEL = "-Onone";
				TARGETED_DEVICE_FAMILY = "1,2";
			};
			name = Debug;
		};
		E95201EB1C649EB100B2F65E /* Release */ = {
			isa = XCBuildConfiguration;
			buildSettings = {
				ALWAYS_SEARCH_USER_PATHS = NO;
				CLANG_CXX_LANGUAGE_STANDARD = "gnu++0x";
				CLANG_CXX_LIBRARY = "libc++";
				CLANG_ENABLE_MODULES = YES;
				CLANG_ENABLE_OBJC_ARC = YES;
				CLANG_WARN_BOOL_CONVERSION = YES;
				CLANG_WARN_CONSTANT_CONVERSION = YES;
				CLANG_WARN_DIRECT_OBJC_ISA_USAGE = YES_ERROR;
				CLANG_WARN_EMPTY_BODY = YES;
				CLANG_WARN_ENUM_CONVERSION = YES;
				CLANG_WARN_INT_CONVERSION = YES;
				CLANG_WARN_OBJC_ROOT_CLASS = YES_ERROR;
				CLANG_WARN_UNREACHABLE_CODE = YES;
				CLANG_WARN__DUPLICATE_METHOD_MATCH = YES;
				"CODE_SIGN_IDENTITY[sdk=iphoneos*]" = "iPhone Developer";
				COPY_PHASE_STRIP = NO;
				DEBUG_INFORMATION_FORMAT = "dwarf-with-dsym";
				ENABLE_NS_ASSERTIONS = NO;
				ENABLE_STRICT_OBJC_MSGSEND = YES;
				GCC_C_LANGUAGE_STANDARD = gnu99;
				GCC_NO_COMMON_BLOCKS = YES;
				GCC_WARN_64_TO_32_BIT_CONVERSION = YES;
				GCC_WARN_ABOUT_RETURN_TYPE = YES_ERROR;
				GCC_WARN_UNDECLARED_SELECTOR = YES;
				GCC_WARN_UNINITIALIZED_AUTOS = YES_AGGRESSIVE;
				GCC_WARN_UNUSED_FUNCTION = YES;
				GCC_WARN_UNUSED_VARIABLE = YES;
				IPHONEOS_DEPLOYMENT_TARGET = 9.2;
				MTL_ENABLE_DEBUG_INFO = NO;
				SDKROOT = iphoneos;
				TARGETED_DEVICE_FAMILY = "1,2";
				VALIDATE_PRODUCT = YES;
			};
			name = Release;
		};
		E95201ED1C649EB100B2F65E /* Debug */ = {
			isa = XCBuildConfiguration;
			buildSettings = {
				ASSETCATALOG_COMPILER_APPICON_NAME = AppIcon;
				CODE_SIGN_IDENTITY = "iPhone Developer";
				"CODE_SIGN_IDENTITY[sdk=iphoneos*]" = "iPhone Developer";
				INFOPLIST_FILE = "Home Automation Lamp/Info.plist";
				LD_RUNPATH_SEARCH_PATHS = "$(inherited) @executable_path/Frameworks";
				PRODUCT_BUNDLE_IDENTIFIER = "se.ackland.patrik.home.lamp.Home-Automation-Lamp";
				PRODUCT_NAME = "$(TARGET_NAME)";
				PROVISIONING_PROFILE = "";
			};
			name = Debug;
		};
		E95201EE1C649EB100B2F65E /* Release */ = {
			isa = XCBuildConfiguration;
			buildSettings = {
				ASSETCATALOG_COMPILER_APPICON_NAME = AppIcon;
				CODE_SIGN_IDENTITY = "iPhone Developer";
				"CODE_SIGN_IDENTITY[sdk=iphoneos*]" = "iPhone Developer";
				INFOPLIST_FILE = "Home Automation Lamp/Info.plist";
				LD_RUNPATH_SEARCH_PATHS = "$(inherited) @executable_path/Frameworks";
				PRODUCT_BUNDLE_IDENTIFIER = "se.ackland.patrik.home.lamp.Home-Automation-Lamp";
				PRODUCT_NAME = "$(TARGET_NAME)";
				PROVISIONING_PROFILE = "";
			};
			name = Release;
		};
		E95201F01C649EB100B2F65E /* Debug */ = {
			isa = XCBuildConfiguration;
			buildSettings = {
				BUNDLE_LOADER = "$(TEST_HOST)";
				INFOPLIST_FILE = "Home Automation LampTests/Info.plist";
				LD_RUNPATH_SEARCH_PATHS = "$(inherited) @executable_path/Frameworks @loader_path/Frameworks";
				PRODUCT_BUNDLE_IDENTIFIER = "se.ackland.patrik.home.lamp.Home-Automation-LampTests";
				PRODUCT_NAME = "$(TARGET_NAME)";
				TEST_HOST = "$(BUILT_PRODUCTS_DIR)/Home Automation Lamp.app/Home Automation Lamp";
			};
			name = Debug;
		};
		E95201F11C649EB100B2F65E /* Release */ = {
			isa = XCBuildConfiguration;
			buildSettings = {
				BUNDLE_LOADER = "$(TEST_HOST)";
				INFOPLIST_FILE = "Home Automation LampTests/Info.plist";
				LD_RUNPATH_SEARCH_PATHS = "$(inherited) @executable_path/Frameworks @loader_path/Frameworks";
				PRODUCT_BUNDLE_IDENTIFIER = "se.ackland.patrik.home.lamp.Home-Automation-LampTests";
				PRODUCT_NAME = "$(TARGET_NAME)";
				TEST_HOST = "$(BUILT_PRODUCTS_DIR)/Home Automation Lamp.app/Home Automation Lamp";
			};
			name = Release;
		};
		E95201F31C649EB100B2F65E /* Debug */ = {
			isa = XCBuildConfiguration;
			buildSettings = {
				INFOPLIST_FILE = "Home Automation LampUITests/Info.plist";
				LD_RUNPATH_SEARCH_PATHS = "$(inherited) @executable_path/Frameworks @loader_path/Frameworks";
				PRODUCT_BUNDLE_IDENTIFIER = "se.ackland.patrik.home.lamp.Home-Automation-LampUITests";
				PRODUCT_NAME = "$(TARGET_NAME)";
				TEST_TARGET_NAME = "Home Automation Lamp";
				USES_XCTRUNNER = YES;
			};
			name = Debug;
		};
		E95201F41C649EB100B2F65E /* Release */ = {
			isa = XCBuildConfiguration;
			buildSettings = {
				INFOPLIST_FILE = "Home Automation LampUITests/Info.plist";
				LD_RUNPATH_SEARCH_PATHS = "$(inherited) @executable_path/Frameworks @loader_path/Frameworks";
				PRODUCT_BUNDLE_IDENTIFIER = "se.ackland.patrik.home.lamp.Home-Automation-LampUITests";
				PRODUCT_NAME = "$(TARGET_NAME)";
				TEST_TARGET_NAME = "Home Automation Lamp";
				USES_XCTRUNNER = YES;
			};
			name = Release;
		};
/* End XCBuildConfiguration section */

/* Begin XCConfigurationList section */
		E95201BF1C649EB100B2F65E /* Build configuration list for PBXProject "Home Automation Lamp" */ = {
			isa = XCConfigurationList;
			buildConfigurations = (
				E95201EA1C649EB100B2F65E /* Debug */,
				E95201EB1C649EB100B2F65E /* Release */,
			);
			defaultConfigurationIsVisible = 0;
			defaultConfigurationName = Release;
		};
		E95201EC1C649EB100B2F65E /* Build configuration list for PBXNativeTarget "Home Automation Lamp" */ = {
			isa = XCConfigurationList;
			buildConfigurations = (
				E95201ED1C649EB100B2F65E /* Debug */,
				E95201EE1C649EB100B2F65E /* Release */,
			);
			defaultConfigurationIsVisible = 0;
		};
		E95201EF1C649EB100B2F65E /* Build configuration list for PBXNativeTarget "Home Automation LampTests" */ = {
			isa = XCConfigurationList;
			buildConfigurations = (
				E95201F01C649EB100B2F65E /* Debug */,
				E95201F11C649EB100B2F65E /* Release */,
			);
			defaultConfigurationIsVisible = 0;
		};
		E95201F21C649EB100B2F65E /* Build configuration list for PBXNativeTarget "Home Automation LampUITests" */ = {
			isa = XCConfigurationList;
			buildConfigurations = (
				E95201F31C649EB100B2F65E /* Debug */,
				E95201F41C649EB100B2F65E /* Release */,
			);
			defaultConfigurationIsVisible = 0;
		};
/* End XCConfigurationList section */
	};
	rootObject = E95201BC1C649EB100B2F65E /* Project object */;
}
